
Microsoft Visual Studio Solution File, Format Version 12.00
# Visual Studio Version 17
VisualStudioVersion = 17.10.35013.160
MinimumVisualStudioVersion = 10.0.40219.1
Project("{8BC9CEB8-8B4A-11D0-8D11-00A0C91BC942}") = "HlTest", "HlTest.vcxproj", "{7784FD55-6D16-4E1C-A6DC-B6405FD0FC64}"
	ProjectSection(ProjectDependencies) = postProject
		{216A1CCF-59BC-4B29-B769-3C797F58A9D0} = {216A1CCF-59BC-4B29-B769-3C797F58A9D0}
	EndProjectSection
EndProject
Project("{8BC9CEB8-8B4A-11D0-8D11-00A0C91BC942}") = "libjson", "libProject\json\libjson.vcxproj", "{216A1CCF-59BC-4B29-B769-3C797F58A9D0}"
EndProject
Project("{8BC9CEB8-8B4A-11D0-8D11-00A0C91BC942}") = "GameDetect", "libProject\GameDetect\GameDetect.vcxproj", "{5F4636C3-EAEE-4057-B2FC-367FE4343B57}"
EndProject
Project("{8BC9CEB8-8B4A-11D0-8D11-00A0C91BC942}") = "libUtility", "libProject\UtilityLib\UtilityLib.vcxproj", "{B373C0C7-77AE-4B6C-87D3-2B05EA7143C5}"
EndProject
Project("{8BC9CEB8-8B4A-11D0-8D11-00A0C91BC942}") = "libHttp", "libProject\libHttp\libHttp.vcxproj", "{09756E60-2CFA-40BE-BA31-1305DB4C3FD5}"
EndProject
Project("{8BC9CEB8-8B4A-11D0-8D11-00A0C91BC942}") = "libHttpTest", "libHttpTest\libHttpTest.vcxproj", "{D93D6112-9587-4AFA-8EA2-63D3B7DCB234}"
	ProjectSection(ProjectDependencies) = postProject
		{6E6F479C-6BA6-450A-8C22-A22D1BDFA6CD} = {6E6F479C-6BA6-450A-8C22-A22D1BDFA6CD}
		{B373C0C7-77AE-4B6C-87D3-2B05EA7143C5} = {B373C0C7-77AE-4B6C-87D3-2B05EA7143C5}
	EndProjectSection
EndProject
Project("{8BC9CEB8-8B4A-11D0-8D11-00A0C91BC942}") = "SElibcurl", "libProject\libcurl\libcurl.vcxproj", "{6E6F479C-6BA6-450A-8C22-A22D1BDFA6CD}"
	ProjectSection(ProjectDependencies) = postProject
		{B373C0C7-77AE-4B6C-87D3-2B05EA7143C5} = {B373C0C7-77AE-4B6C-87D3-2B05EA7143C5}
	EndProjectSection
EndProject
Global
	GlobalSection(SolutionConfigurationPlatforms) = preSolution
		Debug|ARM64 = Debug|ARM64
		Debug|x64 = Debug|x64
		Debug|x86 = Debug|x86
		Release|ARM64 = Release|ARM64
		Release|x64 = Release|x64
		Release|x86 = Release|x86
	EndGlobalSection
	GlobalSection(ProjectConfigurationPlatforms) = postSolution
		{7784FD55-6D16-4E1C-A6DC-B6405FD0FC64}.Debug|ARM64.ActiveCfg = Debug|x64
		{7784FD55-6D16-4E1C-A6DC-B6405FD0FC64}.Debug|ARM64.Build.0 = Debug|x64
		{7784FD55-6D16-4E1C-A6DC-B6405FD0FC64}.Debug|x64.ActiveCfg = Debug|x64
		{7784FD55-6D16-4E1C-A6DC-B6405FD0FC64}.Debug|x64.Build.0 = Debug|x64
		{7784FD55-6D16-4E1C-A6DC-B6405FD0FC64}.Debug|x86.ActiveCfg = Debug|Win32
		{7784FD55-6D16-4E1C-A6DC-B6405FD0FC64}.Debug|x86.Build.0 = Debug|Win32
		{7784FD55-6D16-4E1C-A6DC-B6405FD0FC64}.Release|ARM64.ActiveCfg = Release|x64
		{7784FD55-6D16-4E1C-A6DC-B6405FD0FC64}.Release|ARM64.Build.0 = Release|x64
		{7784FD55-6D16-4E1C-A6DC-B6405FD0FC64}.Release|x64.ActiveCfg = Release|x64
		{7784FD55-6D16-4E1C-A6DC-B6405FD0FC64}.Release|x64.Build.0 = Release|x64
		{7784FD55-6D16-4E1C-A6DC-B6405FD0FC64}.Release|x86.ActiveCfg = Release|Win32
		{7784FD55-6D16-4E1C-A6DC-B6405FD0FC64}.Release|x86.Build.0 = Release|Win32
		{216A1CCF-59BC-4B29-B769-3C797F58A9D0}.Debug|ARM64.ActiveCfg = Debug|x64
		{216A1CCF-59BC-4B29-B769-3C797F58A9D0}.Debug|ARM64.Build.0 = Debug|x64
		{216A1CCF-59BC-4B29-B769-3C797F58A9D0}.Debug|x64.ActiveCfg = Debug|x64
		{216A1CCF-59BC-4B29-B769-3C797F58A9D0}.Debug|x64.Build.0 = Debug|x64
		{216A1CCF-59BC-4B29-B769-3C797F58A9D0}.Debug|x86.ActiveCfg = Debug|Win32
		{216A1CCF-59BC-4B29-B769-3C797F58A9D0}.Debug|x86.Build.0 = Debug|Win32
		{216A1CCF-59BC-4B29-B769-3C797F58A9D0}.Release|ARM64.ActiveCfg = Release|x64
		{216A1CCF-59BC-4B29-B769-3C797F58A9D0}.Release|ARM64.Build.0 = Release|x64
		{216A1CCF-59BC-4B29-B769-3C797F58A9D0}.Release|x64.ActiveCfg = Release|x64
		{216A1CCF-59BC-4B29-B769-3C797F58A9D0}.Release|x64.Build.0 = Release|x64
		{216A1CCF-59BC-4B29-B769-3C797F58A9D0}.Release|x86.ActiveCfg = Release|Win32
		{216A1CCF-59BC-4B29-B769-3C797F58A9D0}.Release|x86.Build.0 = Release|Win32
		{5F4636C3-EAEE-4057-B2FC-367FE4343B57}.Debug|ARM64.ActiveCfg = Debug|x64
		{5F4636C3-EAEE-4057-B2FC-367FE4343B57}.Debug|ARM64.Build.0 = Debug|x64
		{5F4636C3-EAEE-4057-B2FC-367FE4343B57}.Debug|x64.ActiveCfg = Debug|x64
		{5F4636C3-EAEE-4057-B2FC-367FE4343B57}.Debug|x64.Build.0 = Debug|x64
		{5F4636C3-EAEE-4057-B2FC-367FE4343B57}.Debug|x86.ActiveCfg = Debug|Win32
		{5F4636C3-EAEE-4057-B2FC-367FE4343B57}.Debug|x86.Build.0 = Debug|Win32
		{5F4636C3-EAEE-4057-B2FC-367FE4343B57}.Release|ARM64.ActiveCfg = Release|x64
		{5F4636C3-EAEE-4057-B2FC-367FE4343B57}.Release|ARM64.Build.0 = Release|x64
		{5F4636C3-EAEE-4057-B2FC-367FE4343B57}.Release|x64.ActiveCfg = Release|x64
		{5F4636C3-EAEE-4057-B2FC-367FE4343B57}.Release|x64.Build.0 = Release|x64
		{5F4636C3-EAEE-4057-B2FC-367FE4343B57}.Release|x86.ActiveCfg = Release|Win32
		{5F4636C3-EAEE-4057-B2FC-367FE4343B57}.Release|x86.Build.0 = Release|Win32
		{B373C0C7-77AE-4B6C-87D3-2B05EA7143C5}.Debug|ARM64.ActiveCfg = Debug|x64
		{B373C0C7-77AE-4B6C-87D3-2B05EA7143C5}.Debug|ARM64.Build.0 = Debug|x64
		{B373C0C7-77AE-4B6C-87D3-2B05EA7143C5}.Debug|x64.ActiveCfg = Debug|x64
		{B373C0C7-77AE-4B6C-87D3-2B05EA7143C5}.Debug|x64.Build.0 = Debug|x64
		{B373C0C7-77AE-4B6C-87D3-2B05EA7143C5}.Debug|x86.ActiveCfg = Debug|Win32
		{B373C0C7-77AE-4B6C-87D3-2B05EA7143C5}.Debug|x86.Build.0 = Debug|Win32
		{B373C0C7-77AE-4B6C-87D3-2B05EA7143C5}.Release|ARM64.ActiveCfg = Release|x64
		{B373C0C7-77AE-4B6C-87D3-2B05EA7143C5}.Release|ARM64.Build.0 = Release|x64
		{B373C0C7-77AE-4B6C-87D3-2B05EA7143C5}.Release|x64.ActiveCfg = Release|x64
		{B373C0C7-77AE-4B6C-87D3-2B05EA7143C5}.Release|x64.Build.0 = Release|x64
		{B373C0C7-77AE-4B6C-87D3-2B05EA7143C5}.Release|x86.ActiveCfg = Release|Win32
		{B373C0C7-77AE-4B6C-87D3-2B05EA7143C5}.Release|x86.Build.0 = Release|Win32
		{09756E60-2CFA-40BE-BA31-1305DB4C3FD5}.Debug|ARM64.ActiveCfg = Debug|x64
		{09756E60-2CFA-40BE-BA31-1305DB4C3FD5}.Debug|ARM64.Build.0 = Debug|x64
		{09756E60-2CFA-40BE-BA31-1305DB4C3FD5}.Debug|x64.ActiveCfg = Debug|x64
		{09756E60-2CFA-40BE-BA31-1305DB4C3FD5}.Debug|x64.Build.0 = Debug|x64
		{09756E60-2CFA-40BE-BA31-1305DB4C3FD5}.Debug|x86.ActiveCfg = Debug|Win32
		{09756E60-2CFA-40BE-BA31-1305DB4C3FD5}.Debug|x86.Build.0 = Debug|Win32
		{09756E60-2CFA-40BE-BA31-1305DB4C3FD5}.Release|ARM64.ActiveCfg = Release|x64
		{09756E60-2CFA-40BE-BA31-1305DB4C3FD5}.Release|ARM64.Build.0 = Release|x64
		{09756E60-2CFA-40BE-BA31-1305DB4C3FD5}.Release|x64.ActiveCfg = Release|x64
		{09756E60-2CFA-40BE-BA31-1305DB4C3FD5}.Release|x64.Build.0 = Release|x64
		{09756E60-2CFA-40BE-BA31-1305DB4C3FD5}.Release|x86.ActiveCfg = Release|Win32
		{09756E60-2CFA-40BE-BA31-1305DB4C3FD5}.Release|x86.Build.0 = Release|Win32
		{D93D6112-9587-4AFA-8EA2-63D3B7DCB234}.Debug|ARM64.ActiveCfg = Debug|x64
		{D93D6112-9587-4AFA-8EA2-63D3B7DCB234}.Debug|ARM64.Build.0 = Debug|x64
		{D93D6112-9587-4AFA-8EA2-63D3B7DCB234}.Debug|x64.ActiveCfg = Debug|x64
		{D93D6112-9587-4AFA-8EA2-63D3B7DCB234}.Debug|x64.Build.0 = Debug|x64
		{D93D6112-9587-4AFA-8EA2-63D3B7DCB234}.Debug|x86.ActiveCfg = Debug|Win32
		{D93D6112-9587-4AFA-8EA2-63D3B7DCB234}.Debug|x86.Build.0 = Debug|Win32
		{D93D6112-9587-4AFA-8EA2-63D3B7DCB234}.Release|ARM64.ActiveCfg = Release|x64
		{D93D6112-9587-4AFA-8EA2-63D3B7DCB234}.Release|ARM64.Build.0 = Release|x64
		{D93D6112-9587-4AFA-8EA2-63D3B7DCB234}.Release|x64.ActiveCfg = Release|x64
		{D93D6112-9587-4AFA-8EA2-63D3B7DCB234}.Release|x64.Build.0 = Release|x64
		{D93D6112-9587-4AFA-8EA2-63D3B7DCB234}.Release|x86.ActiveCfg = Release|Win32
		{D93D6112-9587-4AFA-8EA2-63D3B7DCB234}.Release|x86.Build.0 = Release|Win32
		{6E6F479C-6BA6-450A-8C22-A22D1BDFA6CD}.Debug|ARM64.ActiveCfg = Debug|x64
		{6E6F479C-6BA6-450A-8C22-A22D1BDFA6CD}.Debug|ARM64.Build.0 = Debug|x64
		{6E6F479C-6BA6-450A-8C22-A22D1BDFA6CD}.Debug|x64.ActiveCfg = Debug|x64
		{6E6F479C-6BA6-450A-8C22-A22D1BDFA6CD}.Debug|x64.Build.0 = Debug|x64
		{6E6F479C-6BA6-450A-8C22-A22D1BDFA6CD}.Debug|x86.ActiveCfg = Debug|Win32
		{6E6F479C-6BA6-450A-8C22-A22D1BDFA6CD}.Debug|x86.Build.0 = Debug|Win32
		{6E6F479C-6BA6-450A-8C22-A22D1BDFA6CD}.Release|ARM64.ActiveCfg = Release|x64
		{6E6F479C-6BA6-450A-8C22-A22D1BDFA6CD}.Release|ARM64.Build.0 = Release|x64
		{6E6F479C-6BA6-450A-8C22-A22D1BDFA6CD}.Release|x64.ActiveCfg = Release|x64
		{6E6F479C-6BA6-450A-8C22-A22D1BDFA6CD}.Release|x64.Build.0 = Release|x64
		{6E6F479C-6BA6-450A-8C22-A22D1BDFA6CD}.Release|x86.ActiveCfg = Release|Win32
		{6E6F479C-6BA6-450A-8C22-A22D1BDFA6CD}.Release|x86.Build.0 = Release|Win32
	EndGlobalSection
	GlobalSection(SolutionProperties) = preSolution
		HideSolutionNode = FALSE
	EndGlobalSection
	GlobalSection(ExtensibilityGlobals) = postSolution
		SolutionGuid = {C1AD2A9B-0C8C-40BC-BC3B-417329A22B82}
	EndGlobalSection
EndGlobal
