<?xml version="1.0" encoding="utf-8"?>
<Project ToolsVersion="4.0" xmlns="http://schemas.microsoft.com/developer/msbuild/2003">
  <ItemGroup>
    <Filter Include="Source Files">
      <UniqueIdentifier>{4FC737F1-C7A5-4376-A066-2A32D752A2FF}</UniqueIdentifier>
      <Extensions>cpp;c;cc;cxx;c++;cppm;ixx;def;odl;idl;hpj;bat;asm;asmx</Extensions>
    </Filter>
    <Filter Include="Header Files">
      <UniqueIdentifier>{93995380-89BD-4b04-88EB-625FBE52EBFB}</UniqueIdentifier>
      <Extensions>h;hh;hpp;hxx;h++;hm;inl;inc;ipp;xsd</Extensions>
    </Filter>
    <Filter Include="Resource Files">
      <UniqueIdentifier>{67DA6AB6-F800-4c08-8B7A-83BB121AAD01}</UniqueIdentifier>
      <Extensions>rc;ico;cur;bmp;dlg;rc2;rct;bin;rgs;gif;jpg;jpeg;jpe;resx;tiff;tif;png;wav;mfcribbon-ms</Extensions>
    </Filter>
    <Filter Include="inc">
      <UniqueIdentifier>{296d60d6-06c3-4020-98f8-ba152f9b8b61}</UniqueIdentifier>
    </Filter>
    <Filter Include="Logic">
      <UniqueIdentifier>{9c087e0c-d9e1-4bbe-af92-1ac9dbdc63c7}</UniqueIdentifier>
    </Filter>
    <Filter Include="helper">
      <UniqueIdentifier>{32dcf759-c9d2-4c34-a495-0ebac0699cc4}</UniqueIdentifier>
    </Filter>
    <Filter Include="wmi">
      <UniqueIdentifier>{6625b2fe-81a4-47e6-b857-cd9ca3aff378}</UniqueIdentifier>
    </Filter>
    <Filter Include="hwkit">
      <UniqueIdentifier>{939770b5-894f-4f95-9954-e9a43b71c502}</UniqueIdentifier>
    </Filter>
  </ItemGroup>
  <ItemGroup>
    <ClInclude Include="framework.h">
      <Filter>Header Files</Filter>
    </ClInclude>
    <ClInclude Include="pch.h">
      <Filter>Header Files</Filter>
    </ClInclude>
    <ClInclude Include="inc\sub_addin_interface.h">
      <Filter>inc</Filter>
    </ClInclude>
    <ClInclude Include="GameDetectPlugin.h">
      <Filter>Logic</Filter>
    </ClInclude>
    <ClInclude Include="ProcessMonitor.h">
      <Filter>Logic</Filter>
    </ClInclude>
    <ClInclude Include="GameStatusMonitor.hpp">
      <Filter>Logic</Filter>
    </ClInclude>
    <ClInclude Include="helper\gaming_wmi_helper.h">
      <Filter>helper</Filter>
    </ClInclude>
    <ClInclude Include="helper\kbd_hid_event_helper.h">
      <Filter>helper</Filter>
    </ClInclude>
    <ClInclude Include="helper\kbd_hid_helper.h">
      <Filter>helper</Filter>
    </ClInclude>
    <ClInclude Include="helper\xtu_helper.h">
      <Filter>helper</Filter>
    </ClInclude>
    <ClInclude Include="wmi\wmi_agent.h">
      <Filter>wmi</Filter>
    </ClInclude>
    <ClInclude Include="wmi\wmi_class.h">
      <Filter>wmi</Filter>
    </ClInclude>
    <ClInclude Include="wmi\wmi_event.h">
      <Filter>wmi</Filter>
    </ClInclude>
    <ClInclude Include="wmi\wmi_helper.h">
      <Filter>wmi</Filter>
    </ClInclude>
    <ClInclude Include="wmi\wmi_instance.h">
      <Filter>wmi</Filter>
    </ClInclude>
    <ClInclude Include="wmi\wmi_interface.h">
      <Filter>wmi</Filter>
    </ClInclude>
    <ClInclude Include="wmi\wmi_server.h">
      <Filter>wmi</Filter>
    </ClInclude>
    <ClInclude Include="wmi\wmi_server_thread.h">
      <Filter>wmi</Filter>
    </ClInclude>
    <ClInclude Include="wmi\worker_thread.h">
      <Filter>wmi</Filter>
    </ClInclude>
    <ClInclude Include="hwkit\handler_unique.h">
      <Filter>hwkit</Filter>
    </ClInclude>
    <ClInclude Include="hwkit\hw_manager.h">
      <Filter>hwkit</Filter>
    </ClInclude>
    <ClInclude Include="hwkit\ioc_container.h">
      <Filter>hwkit</Filter>
    </ClInclude>
    <ClInclude Include="inc\MacroDef.h">
      <Filter>inc</Filter>
    </ClInclude>
    <ClInclude Include="GPUManager.hpp">
      <Filter>Logic</Filter>
    </ClInclude>
    <ClInclude Include="inc\LockObject.h">
      <Filter>inc</Filter>
    </ClInclude>
    <ClInclude Include="inc\EventTimer.h">
      <Filter>inc</Filter>
    </ClInclude>
    <ClInclude Include="inc\GetDisplayinfofromDx.h">
      <Filter>inc</Filter>
    </ClInclude>
  </ItemGroup>
  <ItemGroup>
    <ClCompile Include="dllmain.cpp">
      <Filter>Source Files</Filter>
    </ClCompile>
    <ClCompile Include="pch.cpp">
      <Filter>Source Files</Filter>
    </ClCompile>
    <ClCompile Include="GameDetectPlugin.cpp">
      <Filter>Logic</Filter>
    </ClCompile>
    <ClCompile Include="ProcessMonitor.cpp">
      <Filter>Logic</Filter>
    </ClCompile>
    <ClCompile Include="inc\GetDisplayinfofromDx.cpp">
      <Filter>inc</Filter>
    </ClCompile>
  </ItemGroup>
</Project>