<?xml version="1.0" encoding="utf-8"?>
<Project ToolsVersion="4.0" xmlns="http://schemas.microsoft.com/developer/msbuild/2003">
  <ItemGroup>
    <Filter Include="Source Files">
      <UniqueIdentifier>{4FC737F1-C7A5-4376-A066-2A32D752A2FF}</UniqueIdentifier>
      <Extensions>cpp;c;cc;cxx;c++;cppm;ixx;def;odl;idl;hpj;bat;asm;asmx</Extensions>
    </Filter>
    <Filter Include="Header Files">
      <UniqueIdentifier>{93995380-89BD-4b04-88EB-625FBE52EBFB}</UniqueIdentifier>
      <Extensions>h;hh;hpp;hxx;h++;hm;inl;inc;ipp;xsd</Extensions>
    </Filter>
    <Filter Include="Resource Files">
      <UniqueIdentifier>{67DA6AB6-F800-4c08-8B7A-83BB121AAD01}</UniqueIdentifier>
      <Extensions>rc;ico;cur;bmp;dlg;rc2;rct;bin;rgs;gif;jpg;jpeg;jpe;resx;tiff;tif;png;wav;mfcribbon-ms</Extensions>
    </Filter>
    <Filter Include="Export">
      <UniqueIdentifier>{607de843-2762-4333-9c64-31b9cc127bc5}</UniqueIdentifier>
    </Filter>
    <Filter Include="src">
      <UniqueIdentifier>{bc33aa62-6c14-4e36-8eb6-86df2846e41f}</UniqueIdentifier>
    </Filter>
    <Filter Include="Utils">
      <UniqueIdentifier>{962d0cb1-669b-411e-b153-7ce992d04448}</UniqueIdentifier>
    </Filter>
  </ItemGroup>
  <ItemGroup>
    <ClInclude Include="framework.h">
      <Filter>Header Files</Filter>
    </ClInclude>
    <ClInclude Include="pch.h">
      <Filter>Header Files</Filter>
    </ClInclude>
    <ClInclude Include="HttpLib.h">
      <Filter>Export</Filter>
    </ClInclude>
    <ClInclude Include="HttpRequest.h">
      <Filter>src</Filter>
    </ClInclude>
    <ClInclude Include="PrepareDef.h">
      <Filter>Header Files</Filter>
    </ClInclude>
    <ClInclude Include="Utils\safethread.h">
      <Filter>Utils</Filter>
    </ClInclude>
    <ClInclude Include="Utils\StringSplitter.h">
      <Filter>Utils</Filter>
    </ClInclude>
    <ClInclude Include="Utils\PathLib.h">
      <Filter>Utils</Filter>
    </ClInclude>
    <ClInclude Include="Utils\SmartBuffer.h">
      <Filter>Utils</Filter>
    </ClInclude>
    <ClInclude Include="Utils\StaticString.h">
      <Filter>Utils</Filter>
    </ClInclude>
    <ClInclude Include="Utils\mem_macro.h">
      <Filter>Utils</Filter>
    </ClInclude>
    <ClInclude Include="Utils\std_macro.h">
      <Filter>Utils</Filter>
    </ClInclude>
    <ClInclude Include="Utils\str_macro.h">
      <Filter>Utils</Filter>
    </ClInclude>
    <ClInclude Include="Utils\UtilsString.h">
      <Filter>Utils</Filter>
    </ClInclude>
  </ItemGroup>
  <ItemGroup>
    <ClCompile Include="dllmain.cpp">
      <Filter>Source Files</Filter>
    </ClCompile>
    <ClCompile Include="pch.cpp">
      <Filter>Source Files</Filter>
    </ClCompile>
    <ClCompile Include="HttpRequest.cpp">
      <Filter>src</Filter>
    </ClCompile>
    <ClCompile Include="Utils\PathLib.cpp">
      <Filter>Utils</Filter>
    </ClCompile>
    <ClCompile Include="Utils\SmartBuffer.cpp">
      <Filter>Utils</Filter>
    </ClCompile>
    <ClCompile Include="Utils\StaticString.cpp">
      <Filter>Utils</Filter>
    </ClCompile>
    <ClCompile Include="Utils\StringSplitter.cpp">
      <Filter>Utils</Filter>
    </ClCompile>
    <ClCompile Include="Utils\UtilsString.cpp">
      <Filter>Utils</Filter>
    </ClCompile>
    <ClCompile Include="HttpLib.cpp">
      <Filter>src</Filter>
    </ClCompile>
  </ItemGroup>
</Project>